
Microsoft Visual Studio Solution File, Format Version 12.00
# Visual Studio Version 16
VisualStudioVersion = 16.0.30114.105
MinimumVisualStudioVersion = 10.0.40219.1
Project("{9A19103F-16F7-4668-BE54-9A1E7A4F7556}") = "PointOfSale.Results", "src\PointOfSale.Results\PointOfSale.Results.csproj", "{3F533C59-5297-4E0C-87F1-E8E0CCA9C95E}"
EndProject
Project("{9A19103F-16F7-4668-BE54-9A1E7A4F7556}") = "PointOfSale", "src\PointOfSale\PointOfSale.csproj", "{6955CBA3-6F95-489A-952B-2D81895B0B24}"
EndProject
Project("{2150E333-8FDC-42A3-9474-1A3956D46DE8}") = "src", "src", "{4B755FCF-0170-402A-9A2B-141E80B69ED0}"
EndProject
Project("{2150E333-8FDC-42A3-9474-1A3956D46DE8}") = "test", "test", "{91B7C588-D5D5-4962-ADB5-644AB64A82D0}"
EndProject
Project("{9A19103F-16F7-4668-BE54-9A1E7A4F7556}") = "PointOfSale.Results.Tests", "test\PointOfSale.Results.Tests\PointOfSale.Results.Tests.csproj", "{95AEF429-8CA6-4CB7-AE38-1682360E2DBF}"
EndProject
Project("{9A19103F-16F7-4668-BE54-9A1E7A4F7556}") = "PointOfSale.Tests", "test\PointOfSale.Tests\PointOfSale.Tests.csproj", "{64DB11E3-7036-4828-9D46-D37819826EB6}"
EndProject
Global
	GlobalSection(SolutionConfigurationPlatforms) = preSolution
		Debug|Any CPU = Debug|Any CPU
		Debug|x64 = Debug|x64
		Debug|x86 = Debug|x86
		Release|Any CPU = Release|Any CPU
		Release|x64 = Release|x64
		Release|x86 = Release|x86
	EndGlobalSection
	GlobalSection(ProjectConfigurationPlatforms) = postSolution
		{3F533C59-5297-4E0C-87F1-E8E0CCA9C95E}.Debug|Any CPU.ActiveCfg = Debug|Any CPU
		{3F533C59-5297-4E0C-87F1-E8E0CCA9C95E}.Debug|Any CPU.Build.0 = Debug|Any CPU
		{3F533C59-5297-4E0C-87F1-E8E0CCA9C95E}.Debug|x64.ActiveCfg = Debug|Any CPU
		{3F533C59-5297-4E0C-87F1-E8E0CCA9C95E}.Debug|x64.Build.0 = Debug|Any CPU
		{3F533C59-5297-4E0C-87F1-E8E0CCA9C95E}.Debug|x86.ActiveCfg = Debug|Any CPU
		{3F533C59-5297-4E0C-87F1-E8E0CCA9C95E}.Debug|x86.Build.0 = Debug|Any CPU
		{3F533C59-5297-4E0C-87F1-E8E0CCA9C95E}.Release|Any CPU.ActiveCfg = Release|Any CPU
		{3F533C59-5297-4E0C-87F1-E8E0CCA9C95E}.Release|Any CPU.Build.0 = Release|Any CPU
		{3F533C59-5297-4E0C-87F1-E8E0CCA9C95E}.Release|x64.ActiveCfg = Release|Any CPU
		{3F533C59-5297-4E0C-87F1-E8E0CCA9C95E}.Release|x64.Build.0 = Release|Any CPU
		{3F533C59-5297-4E0C-87F1-E8E0CCA9C95E}.Release|x86.ActiveCfg = Release|Any CPU
		{3F533C59-5297-4E0C-87F1-E8E0CCA9C95E}.Release|x86.Build.0 = Release|Any CPU
		{6955CBA3-6F95-489A-952B-2D81895B0B24}.Debug|Any CPU.ActiveCfg = Debug|Any CPU
		{6955CBA3-6F95-489A-952B-2D81895B0B24}.Debug|Any CPU.Build.0 = Debug|Any CPU
		{6955CBA3-6F95-489A-952B-2D81895B0B24}.Debug|x64.ActiveCfg = Debug|Any CPU
		{6955CBA3-6F95-489A-952B-2D81895B0B24}.Debug|x64.Build.0 = Debug|Any CPU
		{6955CBA3-6F95-489A-952B-2D81895B0B24}.Debug|x86.ActiveCfg = Debug|Any CPU
		{6955CBA3-6F95-489A-952B-2D81895B0B24}.Debug|x86.Build.0 = Debug|Any CPU
		{6955CBA3-6F95-489A-952B-2D81895B0B24}.Release|Any CPU.ActiveCfg = Release|Any CPU
		{6955CBA3-6F95-489A-952B-2D81895B0B24}.Release|Any CPU.Build.0 = Release|Any CPU
		{6955CBA3-6F95-489A-952B-2D81895B0B24}.Release|x64.ActiveCfg = Release|Any CPU
		{6955CBA3-6F95-489A-952B-2D81895B0B24}.Release|x64.Build.0 = Release|Any CPU
		{6955CBA3-6F95-489A-952B-2D81895B0B24}.Release|x86.ActiveCfg = Release|Any CPU
		{6955CBA3-6F95-489A-952B-2D81895B0B24}.Release|x86.Build.0 = Release|Any CPU
		{95AEF429-8CA6-4CB7-AE38-1682360E2DBF}.Debug|Any CPU.ActiveCfg = Debug|Any CPU
		{95AEF429-8CA6-4CB7-AE38-1682360E2DBF}.Debug|Any CPU.Build.0 = Debug|Any CPU
		{95AEF429-8CA6-4CB7-AE38-1682360E2DBF}.Debug|x64.ActiveCfg = Debug|Any CPU
		{95AEF429-8CA6-4CB7-AE38-1682360E2DBF}.Debug|x64.Build.0 = Debug|Any CPU
		{95AEF429-8CA6-4CB7-AE38-1682360E2DBF}.Debug|x86.ActiveCfg = Debug|Any CPU
		{95AEF429-8CA6-4CB7-AE38-1682360E2DBF}.Debug|x86.Build.0 = Debug|Any CPU
		{95AEF429-8CA6-4CB7-AE38-1682360E2DBF}.Release|Any CPU.ActiveCfg = Release|Any CPU
		{95AEF429-8CA6-4CB7-AE38-1682360E2DBF}.Release|Any CPU.Build.0 = Release|Any CPU
		{95AEF429-8CA6-4CB7-AE38-1682360E2DBF}.Release|x64.ActiveCfg = Release|Any CPU
		{95AEF429-8CA6-4CB7-AE38-1682360E2DBF}.Release|x64.Build.0 = Release|Any CPU
		{95AEF429-8CA6-4CB7-AE38-1682360E2DBF}.Release|x86.ActiveCfg = Release|Any CPU
		{95AEF429-8CA6-4CB7-AE38-1682360E2DBF}.Release|x86.Build.0 = Release|Any CPU
		{64DB11E3-7036-4828-9D46-D37819826EB6}.Debug|Any CPU.ActiveCfg = Debug|Any CPU
		{64DB11E3-7036-4828-9D46-D37819826EB6}.Debug|Any CPU.Build.0 = Debug|Any CPU
		{64DB11E3-7036-4828-9D46-D37819826EB6}.Debug|x64.ActiveCfg = Debug|Any CPU
		{64DB11E3-7036-4828-9D46-D37819826EB6}.Debug|x64.Build.0 = Debug|Any CPU
		{64DB11E3-7036-4828-9D46-D37819826EB6}.Debug|x86.ActiveCfg = Debug|Any CPU
		{64DB11E3-7036-4828-9D46-D37819826EB6}.Debug|x86.Build.0 = Debug|Any CPU
		{64DB11E3-7036-4828-9D46-D37819826EB6}.Release|Any CPU.ActiveCfg = Release|Any CPU
		{64DB11E3-7036-4828-9D46-D37819826EB6}.Release|Any CPU.Build.0 = Release|Any CPU
		{64DB11E3-7036-4828-9D46-D37819826EB6}.Release|x64.ActiveCfg = Release|Any CPU
		{64DB11E3-7036-4828-9D46-D37819826EB6}.Release|x64.Build.0 = Release|Any CPU
		{64DB11E3-7036-4828-9D46-D37819826EB6}.Release|x86.ActiveCfg = Release|Any CPU
		{64DB11E3-7036-4828-9D46-D37819826EB6}.Release|x86.Build.0 = Release|Any CPU
	EndGlobalSection
	GlobalSection(SolutionProperties) = preSolution
		HideSolutionNode = FALSE
	EndGlobalSection
	GlobalSection(NestedProjects) = preSolution
		{3F533C59-5297-4E0C-87F1-E8E0CCA9C95E} = {4B755FCF-0170-402A-9A2B-141E80B69ED0}
		{6955CBA3-6F95-489A-952B-2D81895B0B24} = {4B755FCF-0170-402A-9A2B-141E80B69ED0}
		{95AEF429-8CA6-4CB7-AE38-1682360E2DBF} = {91B7C588-D5D5-4962-ADB5-644AB64A82D0}
		{64DB11E3-7036-4828-9D46-D37819826EB6} = {91B7C588-D5D5-4962-ADB5-644AB64A82D0}
	EndGlobalSection
	GlobalSection(ExtensibilityGlobals) = postSolution
		SolutionGuid = {A176AA34-1DB7-4254-B022-65395179618F}
	EndGlobalSection
EndGlobal
